// !$*UTF8*$!
{
	archiveVersion = 1;
	classes = {
	};
	objectVersion = 46;
	objects = {

/* Begin PBXBuildFile section */
		1AFAF8B716D35DE700DB1158 /* AppDelegate.cpp in Sources */ = {isa = PBXBuildFile; fileRef = 1AFAF8B316D35DE700DB1158 /* AppDelegate.cpp */; };
		1AFAF8B816D35DE700DB1158 /* HelloWorldScene.cpp in Sources */ = {isa = PBXBuildFile; fileRef = 1AFAF8B516D35DE700DB1158 /* HelloWorldScene.cpp */; };
		1AFAF8BC16D35E4900DB1158 /* CloseNormal.png in Resources */ = {isa = PBXBuildFile; fileRef = 1AFAF8B916D35E4900DB1158 /* CloseNormal.png */; };
		1AFAF8BD16D35E4900DB1158 /* CloseSelected.png in Resources */ = {isa = PBXBuildFile; fileRef = 1AFAF8BA16D35E4900DB1158 /* CloseSelected.png */; };
		1AFAF8BE16D35E4900DB1158 /* HelloWorld.png in Resources */ = {isa = PBXBuildFile; fileRef = 1AFAF8BB16D35E4900DB1158 /* HelloWorld.png */; };
		1D60589F0D05DD5A006BFB54 /* Foundation.framework in Frameworks */ = {isa = PBXBuildFile; fileRef = 1D30AB110D05D00D00671497 /* Foundation.framework */; };
		2402F0331905CDD500EBFC9A /* libcocos2dx iOS.a in Frameworks */ = {isa = PBXBuildFile; fileRef = 2402F0281905CB3400EBFC9A /* libcocos2dx iOS.a */; };
		2402F0381905D2C700EBFC9A /* libbox2d iOS.a in Frameworks */ = {isa = PBXBuildFile; fileRef = 2402F02E1905CB3400EBFC9A /* libbox2d iOS.a */; };
		2402F0391905D2CC00EBFC9A /* libchipmunk iOS.a in Frameworks */ = {isa = PBXBuildFile; fileRef = 2402F02C1905CB3400EBFC9A /* libchipmunk iOS.a */; };
		2402F03A1905D2D800EBFC9A /* libcocos2dx-extensions iOS.a in Frameworks */ = {isa = PBXBuildFile; fileRef = 2402F02A1905CB3400EBFC9A /* libcocos2dx-extensions iOS.a */; };
		2402F03B1905D2D900EBFC9A /* libCocosDenshion iOS.a in Frameworks */ = {isa = PBXBuildFile; fileRef = 2402F0301905CB3400EBFC9A /* libCocosDenshion iOS.a */; };
		2464A0D9190527D000432B9E /* OpenGLES.framework in Frameworks */ = {isa = PBXBuildFile; fileRef = 2464A0D8190527D000432B9E /* OpenGLES.framework */; };
		2464A0DB190527D400432B9E /* UIKit.framework in Frameworks */ = {isa = PBXBuildFile; fileRef = 2464A0DA190527D400432B9E /* UIKit.framework */; };
		2464A0DD190527E700432B9E /* Security.framework in Frameworks */ = {isa = PBXBuildFile; fileRef = 2464A0DC190527E700432B9E /* Security.framework */; };
		2464A0F719052DE700432B9E /* GrowthPush.cpp in Sources */ = {isa = PBXBuildFile; fileRef = 2464A0EB19052DE700432B9E /* GrowthPush.cpp */; };
		2464A0F819052DE700432B9E /* GrowthPush.mm in Sources */ = {isa = PBXBuildFile; fileRef = 2464A0F219052DE700432B9E /* GrowthPush.mm */; };
		2464A0F919052DE700432B9E /* GrowthPushCCInternal.m in Sources */ = {isa = PBXBuildFile; fileRef = 2464A0F419052DE700432B9E /* GrowthPushCCInternal.m */; };
		2464A0FC19052F0400432B9E /* CoreMotion.framework in Frameworks */ = {isa = PBXBuildFile; fileRef = 2464A0FB19052F0400432B9E /* CoreMotion.framework */; };
		288765A50DF7441C002DB57D /* CoreGraphics.framework in Frameworks */ = {isa = PBXBuildFile; fileRef = 288765A40DF7441C002DB57D /* CoreGraphics.framework */; };
		503AE0F817EB97AB00D1A890 /* Icon.icns in Resources */ = {isa = PBXBuildFile; fileRef = 503AE0F617EB97AB00D1A890 /* Icon.icns */; };
		503AE10017EB989F00D1A890 /* AppController.mm in Sources */ = {isa = PBXBuildFile; fileRef = 503AE0FB17EB989F00D1A890 /* AppController.mm */; };
		503AE10117EB989F00D1A890 /* main.m in Sources */ = {isa = PBXBuildFile; fileRef = 503AE0FC17EB989F00D1A890 /* main.m */; };
		503AE10217EB989F00D1A890 /* RootViewController.mm in Sources */ = {isa = PBXBuildFile; fileRef = 503AE0FF17EB989F00D1A890 /* RootViewController.mm */; };
		503AE10517EB98FF00D1A890 /* main.cpp in Sources */ = {isa = PBXBuildFile; fileRef = 503AE10317EB98FF00D1A890 /* main.cpp */; };
		503AE11217EB99EE00D1A890 /* libcurl.dylib in Frameworks */ = {isa = PBXBuildFile; fileRef = 503AE11117EB99EE00D1A890 /* libcurl.dylib */; };
		503AE11B17EB9C5A00D1A890 /* IOKit.framework in Frameworks */ = {isa = PBXBuildFile; fileRef = 503AE11A17EB9C5A00D1A890 /* IOKit.framework */; };
		5087E75317EB910900C73F5D /* CloseNormal.png in Resources */ = {isa = PBXBuildFile; fileRef = 1AFAF8B916D35E4900DB1158 /* CloseNormal.png */; };
		5087E75417EB910900C73F5D /* CloseSelected.png in Resources */ = {isa = PBXBuildFile; fileRef = 1AFAF8BA16D35E4900DB1158 /* CloseSelected.png */; };
		5087E75517EB910900C73F5D /* HelloWorld.png in Resources */ = {isa = PBXBuildFile; fileRef = 1AFAF8BB16D35E4900DB1158 /* HelloWorld.png */; };
		5087E75717EB910900C73F5D /* AppDelegate.cpp in Sources */ = {isa = PBXBuildFile; fileRef = 1AFAF8B316D35DE700DB1158 /* AppDelegate.cpp */; };
		5087E75817EB910900C73F5D /* HelloWorldScene.cpp in Sources */ = {isa = PBXBuildFile; fileRef = 1AFAF8B516D35DE700DB1158 /* HelloWorldScene.cpp */; };
		5087E76317EB910900C73F5D /* Foundation.framework in Frameworks */ = {isa = PBXBuildFile; fileRef = 1D30AB110D05D00D00671497 /* Foundation.framework */; };
		5087E76517EB910900C73F5D /* CoreGraphics.framework in Frameworks */ = {isa = PBXBuildFile; fileRef = 288765A40DF7441C002DB57D /* CoreGraphics.framework */; };
		5087E76717EB910900C73F5D /* libz.dylib in Frameworks */ = {isa = PBXBuildFile; fileRef = BF170DB412928DE900B8313A /* libz.dylib */; };
		5087E76817EB910900C73F5D /* QuartzCore.framework in Frameworks */ = {isa = PBXBuildFile; fileRef = BF1C47EA1293683800B63C5D /* QuartzCore.framework */; };
		5087E76917EB910900C73F5D /* OpenAL.framework in Frameworks */ = {isa = PBXBuildFile; fileRef = D44C620B132DFF330009C878 /* OpenAL.framework */; };
		5087E76A17EB910900C73F5D /* AVFoundation.framework in Frameworks */ = {isa = PBXBuildFile; fileRef = D44C620D132DFF430009C878 /* AVFoundation.framework */; };
		5087E76B17EB910900C73F5D /* AudioToolbox.framework in Frameworks */ = {isa = PBXBuildFile; fileRef = D44C620F132DFF4E0009C878 /* AudioToolbox.framework */; };
		5087E77D17EB970100C73F5D /* Default-568h@2x.png in Resources */ = {isa = PBXBuildFile; fileRef = 5087E77217EB970100C73F5D /* Default-568h@2x.png */; };
		5087E77E17EB970100C73F5D /* Default.png in Resources */ = {isa = PBXBuildFile; fileRef = 5087E77317EB970100C73F5D /* Default.png */; };
		5087E77F17EB970100C73F5D /* Default@2x.png in Resources */ = {isa = PBXBuildFile; fileRef = 5087E77417EB970100C73F5D /* Default@2x.png */; };
		5087E78017EB970100C73F5D /* Icon-114.png in Resources */ = {isa = PBXBuildFile; fileRef = 5087E77517EB970100C73F5D /* Icon-114.png */; };
		5087E78117EB970100C73F5D /* Icon-120.png in Resources */ = {isa = PBXBuildFile; fileRef = 5087E77617EB970100C73F5D /* Icon-120.png */; };
		5087E78217EB970100C73F5D /* Icon-144.png in Resources */ = {isa = PBXBuildFile; fileRef = 5087E77717EB970100C73F5D /* Icon-144.png */; };
		5087E78317EB970100C73F5D /* Icon-152.png in Resources */ = {isa = PBXBuildFile; fileRef = 5087E77817EB970100C73F5D /* Icon-152.png */; };
		5087E78417EB970100C73F5D /* Icon-57.png in Resources */ = {isa = PBXBuildFile; fileRef = 5087E77917EB970100C73F5D /* Icon-57.png */; };
		5087E78517EB970100C73F5D /* Icon-72.png in Resources */ = {isa = PBXBuildFile; fileRef = 5087E77A17EB970100C73F5D /* Icon-72.png */; };
		5087E78617EB970100C73F5D /* Icon-76.png in Resources */ = {isa = PBXBuildFile; fileRef = 5087E77B17EB970100C73F5D /* Icon-76.png */; };
		5087E78917EB974C00C73F5D /* AppKit.framework in Frameworks */ = {isa = PBXBuildFile; fileRef = 5087E78817EB974C00C73F5D /* AppKit.framework */; };
		5087E78B17EB975400C73F5D /* OpenGL.framework in Frameworks */ = {isa = PBXBuildFile; fileRef = 5087E78A17EB975400C73F5D /* OpenGL.framework */; };
		50EF629617ECD46A001EB2F8 /* Icon-40.png in Resources */ = {isa = PBXBuildFile; fileRef = 50EF629217ECD46A001EB2F8 /* Icon-40.png */; };
		50EF629717ECD46A001EB2F8 /* Icon-58.png in Resources */ = {isa = PBXBuildFile; fileRef = 50EF629317ECD46A001EB2F8 /* Icon-58.png */; };
		50EF629817ECD46A001EB2F8 /* Icon-80.png in Resources */ = {isa = PBXBuildFile; fileRef = 50EF629417ECD46A001EB2F8 /* Icon-80.png */; };
		50EF629917ECD46A001EB2F8 /* Icon-100.png in Resources */ = {isa = PBXBuildFile; fileRef = 50EF629517ECD46A001EB2F8 /* Icon-100.png */; };
		50EF62A217ECD613001EB2F8 /* Icon-29.png in Resources */ = {isa = PBXBuildFile; fileRef = 50EF62A017ECD613001EB2F8 /* Icon-29.png */; };
		50EF62A317ECD613001EB2F8 /* Icon-50.png in Resources */ = {isa = PBXBuildFile; fileRef = 50EF62A117ECD613001EB2F8 /* Icon-50.png */; };
		B2BECE4819087DDE00D87478 /* GrowthPush.framework in Frameworks */ = {isa = PBXBuildFile; fileRef = B2BECE4719087DDE00D87478 /* GrowthPush.framework */; };
		B2BECE4B19087EBC00D87478 /* UIApplication+GrowthPush.m in Sources */ = {isa = PBXBuildFile; fileRef = B2BECE4A19087EBC00D87478 /* UIApplication+GrowthPush.m */; };
		B2BECE5019087F9400D87478 /* GPAppDelegateIntercepter.m in Sources */ = {isa = PBXBuildFile; fileRef = B2BECE4F19087F9400D87478 /* GPAppDelegateIntercepter.m */; };
		B2DA4A47190929130040CF3C /* EventTests.mm in Sources */ = {isa = PBXBuildFile; fileRef = B2DA4A40190929130040CF3C /* EventTests.mm */; };
		B2DA4A48190929130040CF3C /* GrowthPushTestCase.mm in Sources */ = {isa = PBXBuildFile; fileRef = B2DA4A42190929130040CF3C /* GrowthPushTestCase.mm */; };
		B2DA4A49190929130040CF3C /* GrowthPushTests.mm in Sources */ = {isa = PBXBuildFile; fileRef = B2DA4A44190929130040CF3C /* GrowthPushTests.mm */; };
		B2DA4A4A190929130040CF3C /* TagTests.mm in Sources */ = {isa = PBXBuildFile; fileRef = B2DA4A46190929130040CF3C /* TagTests.mm */; };
		B2EBC1DA1909248300387B71 /* XCTest.framework in Frameworks */ = {isa = PBXBuildFile; fileRef = B2EBC1D91909248300387B71 /* XCTest.framework */; };
		B2EBC1DB1909248300387B71 /* Foundation.framework in Frameworks */ = {isa = PBXBuildFile; fileRef = 1D30AB110D05D00D00671497 /* Foundation.framework */; };
		B2EBC1DC1909248300387B71 /* UIKit.framework in Frameworks */ = {isa = PBXBuildFile; fileRef = 2464A0DA190527D400432B9E /* UIKit.framework */; };
		B2EBC1E21909248300387B71 /* InfoPlist.strings in Resources */ = {isa = PBXBuildFile; fileRef = B2EBC1E01909248300387B71 /* InfoPlist.strings */; };
		B2EBC206190927FB00387B71 /* GrowthPush.framework in Frameworks */ = {isa = PBXBuildFile; fileRef = B2BECE4719087DDE00D87478 /* GrowthPush.framework */; };
		BF1712471292920000B8313A /* libz.dylib in Frameworks */ = {isa = PBXBuildFile; fileRef = BF170DB412928DE900B8313A /* libz.dylib */; };
		BF1C47F01293687400B63C5D /* QuartzCore.framework in Frameworks */ = {isa = PBXBuildFile; fileRef = BF1C47EA1293683800B63C5D /* QuartzCore.framework */; };
		D44C620C132DFF330009C878 /* OpenAL.framework in Frameworks */ = {isa = PBXBuildFile; fileRef = D44C620B132DFF330009C878 /* OpenAL.framework */; };
		D44C620E132DFF430009C878 /* AVFoundation.framework in Frameworks */ = {isa = PBXBuildFile; fileRef = D44C620D132DFF430009C878 /* AVFoundation.framework */; };
		D44C6210132DFF4E0009C878 /* AudioToolbox.framework in Frameworks */ = {isa = PBXBuildFile; fileRef = D44C620F132DFF4E0009C878 /* AudioToolbox.framework */; };
/* End PBXBuildFile section */

/* Begin PBXContainerItemProxy section */
		2402F01D1905CB3400EBFC9A /* PBXContainerItemProxy */ = {
			isa = PBXContainerItemProxy;
			containerPortal = 2402F00E1905CB3400EBFC9A /* cocos2d_libs.xcodeproj */;
			proxyType = 2;
			remoteGlobalIDString = 1551A33F158F2AB200E66CFE;
			remoteInfo = "cocos2dx Mac";
		};
		2402F01F1905CB3400EBFC9A /* PBXContainerItemProxy */ = {
			isa = PBXContainerItemProxy;
			containerPortal = 2402F00E1905CB3400EBFC9A /* cocos2d_libs.xcodeproj */;
			proxyType = 2;
			remoteGlobalIDString = A03F2FD617814595006731B9;
			remoteInfo = "cocos2dx-extensions Mac";
		};
		2402F0211905CB3400EBFC9A /* PBXContainerItemProxy */ = {
			isa = PBXContainerItemProxy;
			containerPortal = 2402F00E1905CB3400EBFC9A /* cocos2d_libs.xcodeproj */;
			proxyType = 2;
			remoteGlobalIDString = A03F2CB81780BD04006731B9;
			remoteInfo = "chipmunk Mac";
		};
		2402F0231905CB3400EBFC9A /* PBXContainerItemProxy */ = {
			isa = PBXContainerItemProxy;
			containerPortal = 2402F00E1905CB3400EBFC9A /* cocos2d_libs.xcodeproj */;
			proxyType = 2;
			remoteGlobalIDString = A03F2D9B1780BDF7006731B9;
			remoteInfo = "box2d Mac";
		};
		2402F0251905CB3400EBFC9A /* PBXContainerItemProxy */ = {
			isa = PBXContainerItemProxy;
			containerPortal = 2402F00E1905CB3400EBFC9A /* cocos2d_libs.xcodeproj */;
			proxyType = 2;
			remoteGlobalIDString = A03F2ED617814268006731B9;
			remoteInfo = "CocosDenshion Mac";
		};
		2402F0271905CB3400EBFC9A /* PBXContainerItemProxy */ = {
			isa = PBXContainerItemProxy;
			containerPortal = 2402F00E1905CB3400EBFC9A /* cocos2d_libs.xcodeproj */;
			proxyType = 2;
			remoteGlobalIDString = A07A4D641783777C0073F6A7;
			remoteInfo = "cocos2dx iOS";
		};
		2402F0291905CB3400EBFC9A /* PBXContainerItemProxy */ = {
			isa = PBXContainerItemProxy;
			containerPortal = 2402F00E1905CB3400EBFC9A /* cocos2d_libs.xcodeproj */;
			proxyType = 2;
			remoteGlobalIDString = A07A4EFC1783867C0073F6A7;
			remoteInfo = "cocos2dx-extensions iOS";
		};
		2402F02B1905CB3400EBFC9A /* PBXContainerItemProxy */ = {
			isa = PBXContainerItemProxy;
			containerPortal = 2402F00E1905CB3400EBFC9A /* cocos2d_libs.xcodeproj */;
			proxyType = 2;
			remoteGlobalIDString = A07A4F3B178387670073F6A7;
			remoteInfo = "chipmunk iOS";
		};
		2402F02D1905CB3400EBFC9A /* PBXContainerItemProxy */ = {
			isa = PBXContainerItemProxy;
			containerPortal = 2402F00E1905CB3400EBFC9A /* cocos2d_libs.xcodeproj */;
			proxyType = 2;
			remoteGlobalIDString = A07A4F9E1783876B0073F6A7;
			remoteInfo = "box2d iOS";
		};
		2402F02F1905CB3400EBFC9A /* PBXContainerItemProxy */ = {
			isa = PBXContainerItemProxy;
			containerPortal = 2402F00E1905CB3400EBFC9A /* cocos2d_libs.xcodeproj */;
			proxyType = 2;
			remoteGlobalIDString = A07A4FB4178387730073F6A7;
			remoteInfo = "CocosDenshion iOS";
		};
		2402F0311905CDC900EBFC9A /* PBXContainerItemProxy */ = {
			isa = PBXContainerItemProxy;
			containerPortal = 2402F00E1905CB3400EBFC9A /* cocos2d_libs.xcodeproj */;
			proxyType = 1;
			remoteGlobalIDString = A07A4C241783777C0073F6A7;
			remoteInfo = "cocos2dx iOS";
		};
		2402F03C1905D2EA00EBFC9A /* PBXContainerItemProxy */ = {
			isa = PBXContainerItemProxy;
			containerPortal = 2402F00E1905CB3400EBFC9A /* cocos2d_libs.xcodeproj */;
			proxyType = 1;
			remoteGlobalIDString = A07A4E111783867C0073F6A7;
			remoteInfo = "cocos2dx-extensions iOS";
		};
		2402F03E1905D2EA00EBFC9A /* PBXContainerItemProxy */ = {
			isa = PBXContainerItemProxy;
			containerPortal = 2402F00E1905CB3400EBFC9A /* cocos2d_libs.xcodeproj */;
			proxyType = 1;
			remoteGlobalIDString = A07A4EFD178387670073F6A7;
			remoteInfo = "chipmunk iOS";
		};
		2402F0401905D2EA00EBFC9A /* PBXContainerItemProxy */ = {
			isa = PBXContainerItemProxy;
			containerPortal = 2402F00E1905CB3400EBFC9A /* cocos2d_libs.xcodeproj */;
			proxyType = 1;
			remoteGlobalIDString = A07A4F3C1783876B0073F6A7;
			remoteInfo = "box2d iOS";
		};
		2402F0421905D2EA00EBFC9A /* PBXContainerItemProxy */ = {
			isa = PBXContainerItemProxy;
			containerPortal = 2402F00E1905CB3400EBFC9A /* cocos2d_libs.xcodeproj */;
			proxyType = 1;
			remoteGlobalIDString = A07A4F9F178387730073F6A7;
			remoteInfo = "CocosDenshion iOS";
		};
		B2EBC1E61909248300387B71 /* PBXContainerItemProxy */ = {
			isa = PBXContainerItemProxy;
			containerPortal = 29B97313FDCFA39411CA2CEA /* Project object */;
			proxyType = 1;
			remoteGlobalIDString = 1D6058900D05DD3D006BFB54;
			remoteInfo = "sample iOS";
		};
/* End PBXContainerItemProxy section */

/* Begin PBXFileReference section */
		1ACB3243164770DE00914215 /* libcurl.a */ = {isa = PBXFileReference; lastKnownFileType = archive.ar; name = libcurl.a; path = ../../cocos2dx/platform/third_party/ios/libraries/libcurl.a; sourceTree = "<group>"; };
		1AFAF8B316D35DE700DB1158 /* AppDelegate.cpp */ = {isa = PBXFileReference; fileEncoding = 4; lastKnownFileType = sourcecode.cpp.cpp; name = AppDelegate.cpp; path = ../Classes/AppDelegate.cpp; sourceTree = "<group>"; };
		1AFAF8B416D35DE700DB1158 /* AppDelegate.h */ = {isa = PBXFileReference; fileEncoding = 4; lastKnownFileType = sourcecode.c.h; name = AppDelegate.h; path = ../Classes/AppDelegate.h; sourceTree = "<group>"; };
		1AFAF8B516D35DE700DB1158 /* HelloWorldScene.cpp */ = {isa = PBXFileReference; fileEncoding = 4; lastKnownFileType = sourcecode.cpp.cpp; name = HelloWorldScene.cpp; path = ../Classes/HelloWorldScene.cpp; sourceTree = "<group>"; };
		1AFAF8B616D35DE700DB1158 /* HelloWorldScene.h */ = {isa = PBXFileReference; fileEncoding = 4; lastKnownFileType = sourcecode.c.h; name = HelloWorldScene.h; path = ../Classes/HelloWorldScene.h; sourceTree = "<group>"; };
		1AFAF8B916D35E4900DB1158 /* CloseNormal.png */ = {isa = PBXFileReference; lastKnownFileType = image.png; path = CloseNormal.png; sourceTree = "<group>"; };
		1AFAF8BA16D35E4900DB1158 /* CloseSelected.png */ = {isa = PBXFileReference; lastKnownFileType = image.png; path = CloseSelected.png; sourceTree = "<group>"; };
		1AFAF8BB16D35E4900DB1158 /* HelloWorld.png */ = {isa = PBXFileReference; lastKnownFileType = image.png; path = HelloWorld.png; sourceTree = "<group>"; };
		1D30AB110D05D00D00671497 /* Foundation.framework */ = {isa = PBXFileReference; lastKnownFileType = wrapper.framework; name = Foundation.framework; path = System/Library/Frameworks/Foundation.framework; sourceTree = SDKROOT; };
		1D6058910D05DD3D006BFB54 /* sample iOS.app */ = {isa = PBXFileReference; explicitFileType = wrapper.application; includeInIndex = 0; path = "sample iOS.app"; sourceTree = BUILT_PRODUCTS_DIR; };
		2402F00E1905CB3400EBFC9A /* cocos2d_libs.xcodeproj */ = {isa = PBXFileReference; lastKnownFileType = "wrapper.pb-project"; name = cocos2d_libs.xcodeproj; path = "../../submodules/cocos2d-x/build/cocos2d_libs.xcodeproj"; sourceTree = "<group>"; };
		2464A0D8190527D000432B9E /* OpenGLES.framework */ = {isa = PBXFileReference; lastKnownFileType = wrapper.framework; name = OpenGLES.framework; path = Platforms/iPhoneOS.platform/Developer/SDKs/iPhoneOS7.1.sdk/System/Library/Frameworks/OpenGLES.framework; sourceTree = DEVELOPER_DIR; };
		2464A0DA190527D400432B9E /* UIKit.framework */ = {isa = PBXFileReference; lastKnownFileType = wrapper.framework; name = UIKit.framework; path = Platforms/iPhoneOS.platform/Developer/SDKs/iPhoneOS7.1.sdk/System/Library/Frameworks/UIKit.framework; sourceTree = DEVELOPER_DIR; };
		2464A0DC190527E700432B9E /* Security.framework */ = {isa = PBXFileReference; lastKnownFileType = wrapper.framework; name = Security.framework; path = Platforms/iPhoneOS.platform/Developer/SDKs/iPhoneOS7.1.sdk/System/Library/Frameworks/Security.framework; sourceTree = DEVELOPER_DIR; };
		2464A0DE190527F000432B9E /* MobileCoreServices.framework */ = {isa = PBXFileReference; lastKnownFileType = wrapper.framework; name = MobileCoreServices.framework; path = Platforms/iPhoneOS.platform/Developer/SDKs/iPhoneOS7.1.sdk/System/Library/Frameworks/MobileCoreServices.framework; sourceTree = DEVELOPER_DIR; };
		2464A0E01905281D00432B9E /* SystemConfiguration.framework */ = {isa = PBXFileReference; lastKnownFileType = wrapper.framework; name = SystemConfiguration.framework; path = Platforms/iPhoneOS.platform/Developer/SDKs/iPhoneOS7.1.sdk/System/Library/Frameworks/SystemConfiguration.framework; sourceTree = DEVELOPER_DIR; };
		2464A0EB19052DE700432B9E /* GrowthPush.cpp */ = {isa = PBXFileReference; fileEncoding = 4; lastKnownFileType = sourcecode.cpp.cpp; path = GrowthPush.cpp; sourceTree = "<group>"; };
		2464A0ED19052DE700432B9E /* GPEnvironment.h */ = {isa = PBXFileReference; fileEncoding = 4; lastKnownFileType = sourcecode.c.h; path = GPEnvironment.h; sourceTree = "<group>"; };
		2464A0EE19052DE700432B9E /* GPJsonHelper.h */ = {isa = PBXFileReference; fileEncoding = 4; lastKnownFileType = sourcecode.c.h; path = GPJsonHelper.h; sourceTree = "<group>"; };
		2464A0EF19052DE700432B9E /* GPMacros.h */ = {isa = PBXFileReference; fileEncoding = 4; lastKnownFileType = sourcecode.c.h; path = GPMacros.h; sourceTree = "<group>"; };
		2464A0F019052DE700432B9E /* GrowthPush.h */ = {isa = PBXFileReference; fileEncoding = 4; lastKnownFileType = sourcecode.c.h; path = GrowthPush.h; sourceTree = "<group>"; };
		2464A0F219052DE700432B9E /* GrowthPush.mm */ = {isa = PBXFileReference; fileEncoding = 4; lastKnownFileType = sourcecode.cpp.objcpp; path = GrowthPush.mm; sourceTree = "<group>"; };
		2464A0F319052DE700432B9E /* GrowthPushCCInternal.h */ = {isa = PBXFileReference; fileEncoding = 4; lastKnownFileType = sourcecode.c.h; path = GrowthPushCCInternal.h; sourceTree = "<group>"; };
		2464A0F419052DE700432B9E /* GrowthPushCCInternal.m */ = {isa = PBXFileReference; fileEncoding = 4; lastKnownFileType = sourcecode.c.objc; path = GrowthPushCCInternal.m; sourceTree = "<group>"; };
		2464A0FB19052F0400432B9E /* CoreMotion.framework */ = {isa = PBXFileReference; lastKnownFileType = wrapper.framework; name = CoreMotion.framework; path = Platforms/iPhoneOS.platform/Developer/SDKs/iPhoneOS7.1.sdk/System/Library/Frameworks/CoreMotion.framework; sourceTree = DEVELOPER_DIR; };
		288765A40DF7441C002DB57D /* CoreGraphics.framework */ = {isa = PBXFileReference; lastKnownFileType = wrapper.framework; name = CoreGraphics.framework; path = System/Library/Frameworks/CoreGraphics.framework; sourceTree = SDKROOT; };
		503AE0F617EB97AB00D1A890 /* Icon.icns */ = {isa = PBXFileReference; lastKnownFileType = image.icns; path = Icon.icns; sourceTree = "<group>"; };
		503AE0F717EB97AB00D1A890 /* Info.plist */ = {isa = PBXFileReference; fileEncoding = 4; lastKnownFileType = text.plist.xml; path = Info.plist; sourceTree = "<group>"; };
		503AE0FA17EB989F00D1A890 /* AppController.h */ = {isa = PBXFileReference; fileEncoding = 4; lastKnownFileType = sourcecode.c.h; name = AppController.h; path = ios/AppController.h; sourceTree = SOURCE_ROOT; };
		503AE0FB17EB989F00D1A890 /* AppController.mm */ = {isa = PBXFileReference; fileEncoding = 4; lastKnownFileType = sourcecode.cpp.objcpp; name = AppController.mm; path = ios/AppController.mm; sourceTree = SOURCE_ROOT; };
		503AE0FC17EB989F00D1A890 /* main.m */ = {isa = PBXFileReference; fileEncoding = 4; lastKnownFileType = sourcecode.c.objc; name = main.m; path = ios/main.m; sourceTree = SOURCE_ROOT; };
		503AE0FD17EB989F00D1A890 /* Prefix.pch */ = {isa = PBXFileReference; fileEncoding = 4; lastKnownFileType = sourcecode.c.h; name = Prefix.pch; path = ios/Prefix.pch; sourceTree = SOURCE_ROOT; };
		503AE0FE17EB989F00D1A890 /* RootViewController.h */ = {isa = PBXFileReference; fileEncoding = 4; lastKnownFileType = sourcecode.c.h; name = RootViewController.h; path = ios/RootViewController.h; sourceTree = SOURCE_ROOT; };
		503AE0FF17EB989F00D1A890 /* RootViewController.mm */ = {isa = PBXFileReference; fileEncoding = 4; lastKnownFileType = sourcecode.cpp.objcpp; name = RootViewController.mm; path = ios/RootViewController.mm; sourceTree = SOURCE_ROOT; };
		503AE10317EB98FF00D1A890 /* main.cpp */ = {isa = PBXFileReference; fileEncoding = 4; lastKnownFileType = sourcecode.cpp.cpp; name = main.cpp; path = mac/main.cpp; sourceTree = "<group>"; };
		503AE10417EB98FF00D1A890 /* Prefix.pch */ = {isa = PBXFileReference; fileEncoding = 4; lastKnownFileType = sourcecode.c.h; name = Prefix.pch; path = mac/Prefix.pch; sourceTree = "<group>"; };
		503AE11117EB99EE00D1A890 /* libcurl.dylib */ = {isa = PBXFileReference; lastKnownFileType = "compiled.mach-o.dylib"; name = libcurl.dylib; path = usr/lib/libcurl.dylib; sourceTree = SDKROOT; };
		503AE11A17EB9C5A00D1A890 /* IOKit.framework */ = {isa = PBXFileReference; lastKnownFileType = wrapper.framework; name = IOKit.framework; path = System/Library/Frameworks/IOKit.framework; sourceTree = SDKROOT; };
		5087E76F17EB910900C73F5D /* sample Mac.app */ = {isa = PBXFileReference; explicitFileType = wrapper.application; includeInIndex = 0; path = "sample Mac.app"; sourceTree = BUILT_PRODUCTS_DIR; };
		5087E77217EB970100C73F5D /* Default-568h@2x.png */ = {isa = PBXFileReference; lastKnownFileType = image.png; path = "Default-568h@2x.png"; sourceTree = "<group>"; };
		5087E77317EB970100C73F5D /* Default.png */ = {isa = PBXFileReference; lastKnownFileType = image.png; path = Default.png; sourceTree = "<group>"; };
		5087E77417EB970100C73F5D /* Default@2x.png */ = {isa = PBXFileReference; lastKnownFileType = image.png; path = "Default@2x.png"; sourceTree = "<group>"; };
		5087E77517EB970100C73F5D /* Icon-114.png */ = {isa = PBXFileReference; lastKnownFileType = image.png; path = "Icon-114.png"; sourceTree = "<group>"; };
		5087E77617EB970100C73F5D /* Icon-120.png */ = {isa = PBXFileReference; lastKnownFileType = image.png; path = "Icon-120.png"; sourceTree = "<group>"; };
		5087E77717EB970100C73F5D /* Icon-144.png */ = {isa = PBXFileReference; lastKnownFileType = image.png; path = "Icon-144.png"; sourceTree = "<group>"; };
		5087E77817EB970100C73F5D /* Icon-152.png */ = {isa = PBXFileReference; lastKnownFileType = image.png; path = "Icon-152.png"; sourceTree = "<group>"; };
		5087E77917EB970100C73F5D /* Icon-57.png */ = {isa = PBXFileReference; lastKnownFileType = image.png; path = "Icon-57.png"; sourceTree = "<group>"; };
		5087E77A17EB970100C73F5D /* Icon-72.png */ = {isa = PBXFileReference; lastKnownFileType = image.png; path = "Icon-72.png"; sourceTree = "<group>"; };
		5087E77B17EB970100C73F5D /* Icon-76.png */ = {isa = PBXFileReference; lastKnownFileType = image.png; path = "Icon-76.png"; sourceTree = "<group>"; };
		5087E77C17EB970100C73F5D /* Info.plist */ = {isa = PBXFileReference; fileEncoding = 4; lastKnownFileType = text.plist.xml; path = Info.plist; sourceTree = "<group>"; };
		5087E78817EB974C00C73F5D /* AppKit.framework */ = {isa = PBXFileReference; lastKnownFileType = wrapper.framework; name = AppKit.framework; path = System/Library/Frameworks/AppKit.framework; sourceTree = SDKROOT; };
		5087E78A17EB975400C73F5D /* OpenGL.framework */ = {isa = PBXFileReference; lastKnownFileType = wrapper.framework; name = OpenGL.framework; path = System/Library/Frameworks/OpenGL.framework; sourceTree = SDKROOT; };
		50EF629217ECD46A001EB2F8 /* Icon-40.png */ = {isa = PBXFileReference; lastKnownFileType = image.png; path = "Icon-40.png"; sourceTree = "<group>"; };
		50EF629317ECD46A001EB2F8 /* Icon-58.png */ = {isa = PBXFileReference; lastKnownFileType = image.png; path = "Icon-58.png"; sourceTree = "<group>"; };
		50EF629417ECD46A001EB2F8 /* Icon-80.png */ = {isa = PBXFileReference; lastKnownFileType = image.png; path = "Icon-80.png"; sourceTree = "<group>"; };
		50EF629517ECD46A001EB2F8 /* Icon-100.png */ = {isa = PBXFileReference; lastKnownFileType = image.png; path = "Icon-100.png"; sourceTree = "<group>"; };
		50EF62A017ECD613001EB2F8 /* Icon-29.png */ = {isa = PBXFileReference; lastKnownFileType = image.png; path = "Icon-29.png"; sourceTree = "<group>"; };
		50EF62A117ECD613001EB2F8 /* Icon-50.png */ = {isa = PBXFileReference; lastKnownFileType = image.png; path = "Icon-50.png"; sourceTree = "<group>"; };
		B2BECE4719087DDE00D87478 /* GrowthPush.framework */ = {isa = PBXFileReference; lastKnownFileType = wrapper.framework; name = GrowthPush.framework; path = "../../submodules/growthpush-ios/GrowthPush.framework"; sourceTree = "<group>"; };
		B2BECE4919087EBC00D87478 /* UIApplication+GrowthPush.h */ = {isa = PBXFileReference; fileEncoding = 4; lastKnownFileType = sourcecode.c.h; path = "UIApplication+GrowthPush.h"; sourceTree = "<group>"; };
		B2BECE4A19087EBC00D87478 /* UIApplication+GrowthPush.m */ = {isa = PBXFileReference; fileEncoding = 4; lastKnownFileType = sourcecode.c.objc; path = "UIApplication+GrowthPush.m"; sourceTree = "<group>"; };
		B2BECE4E19087F9400D87478 /* GPAppDelegateIntercepter.h */ = {isa = PBXFileReference; fileEncoding = 4; lastKnownFileType = sourcecode.c.h; path = GPAppDelegateIntercepter.h; sourceTree = "<group>"; };
		B2BECE4F19087F9400D87478 /* GPAppDelegateIntercepter.m */ = {isa = PBXFileReference; fileEncoding = 4; lastKnownFileType = sourcecode.c.objc; path = GPAppDelegateIntercepter.m; sourceTree = "<group>"; };
		B2BECE591908DC0F00D87478 /* GPAppDelegateWrapper.h */ = {isa = PBXFileReference; lastKnownFileType = sourcecode.c.h; path = GPAppDelegateWrapper.h; sourceTree = "<group>"; };
		B2BECE5A1908DC0F00D87478 /* GPAppDelegateWrapperDelegate.h */ = {isa = PBXFileReference; lastKnownFileType = sourcecode.c.h; path = GPAppDelegateWrapperDelegate.h; sourceTree = "<group>"; };
		B2DA4A3F190929130040CF3C /* EventTests.h */ = {isa = PBXFileReference; fileEncoding = 4; lastKnownFileType = sourcecode.c.h; path = EventTests.h; sourceTree = "<group>"; };
		B2DA4A40190929130040CF3C /* EventTests.mm */ = {isa = PBXFileReference; fileEncoding = 4; lastKnownFileType = sourcecode.cpp.objcpp; path = EventTests.mm; sourceTree = "<group>"; };
		B2DA4A41190929130040CF3C /* GrowthPushTestCase.h */ = {isa = PBXFileReference; fileEncoding = 4; lastKnownFileType = sourcecode.c.h; path = GrowthPushTestCase.h; sourceTree = "<group>"; };
		B2DA4A42190929130040CF3C /* GrowthPushTestCase.mm */ = {isa = PBXFileReference; fileEncoding = 4; lastKnownFileType = sourcecode.cpp.objcpp; path = GrowthPushTestCase.mm; sourceTree = "<group>"; };
		B2DA4A43190929130040CF3C /* GrowthPushTests.h */ = {isa = PBXFileReference; fileEncoding = 4; lastKnownFileType = sourcecode.c.h; path = GrowthPushTests.h; sourceTree = "<group>"; };
		B2DA4A44190929130040CF3C /* GrowthPushTests.mm */ = {isa = PBXFileReference; fileEncoding = 4; lastKnownFileType = sourcecode.cpp.objcpp; path = GrowthPushTests.mm; sourceTree = "<group>"; };
		B2DA4A45190929130040CF3C /* TagTests.h */ = {isa = PBXFileReference; fileEncoding = 4; lastKnownFileType = sourcecode.c.h; path = TagTests.h; sourceTree = "<group>"; };
		B2DA4A46190929130040CF3C /* TagTests.mm */ = {isa = PBXFileReference; fileEncoding = 4; lastKnownFileType = sourcecode.cpp.objcpp; path = TagTests.mm; sourceTree = "<group>"; };
		B2EBC1D81909248300387B71 /* GrowthPushSampleTests.xctest */ = {isa = PBXFileReference; explicitFileType = wrapper.cfbundle; includeInIndex = 0; path = GrowthPushSampleTests.xctest; sourceTree = BUILT_PRODUCTS_DIR; };
		B2EBC1D91909248300387B71 /* XCTest.framework */ = {isa = PBXFileReference; lastKnownFileType = wrapper.framework; name = XCTest.framework; path = Library/Frameworks/XCTest.framework; sourceTree = DEVELOPER_DIR; };
		B2EBC1DF1909248300387B71 /* GrowthPushSampleTests-Info.plist */ = {isa = PBXFileReference; lastKnownFileType = text.plist.xml; path = "GrowthPushSampleTests-Info.plist"; sourceTree = "<group>"; };
		B2EBC1E11909248300387B71 /* en */ = {isa = PBXFileReference; lastKnownFileType = text.plist.strings; name = en; path = en.lproj/InfoPlist.strings; sourceTree = "<group>"; };
		B2EBC1E51909248300387B71 /* GrowthPushSampleTests-Prefix.pch */ = {isa = PBXFileReference; lastKnownFileType = sourcecode.c.h; path = "GrowthPushSampleTests-Prefix.pch"; sourceTree = "<group>"; };
		BF170DB412928DE900B8313A /* libz.dylib */ = {isa = PBXFileReference; lastKnownFileType = "compiled.mach-o.dylib"; name = libz.dylib; path = usr/lib/libz.dylib; sourceTree = SDKROOT; };
		BF1C47EA1293683800B63C5D /* QuartzCore.framework */ = {isa = PBXFileReference; lastKnownFileType = wrapper.framework; name = QuartzCore.framework; path = System/Library/Frameworks/QuartzCore.framework; sourceTree = SDKROOT; };
		D44C620B132DFF330009C878 /* OpenAL.framework */ = {isa = PBXFileReference; lastKnownFileType = wrapper.framework; name = OpenAL.framework; path = System/Library/Frameworks/OpenAL.framework; sourceTree = SDKROOT; };
		D44C620D132DFF430009C878 /* AVFoundation.framework */ = {isa = PBXFileReference; lastKnownFileType = wrapper.framework; name = AVFoundation.framework; path = System/Library/Frameworks/AVFoundation.framework; sourceTree = SDKROOT; };
		D44C620F132DFF4E0009C878 /* AudioToolbox.framework */ = {isa = PBXFileReference; lastKnownFileType = wrapper.framework; name = AudioToolbox.framework; path = System/Library/Frameworks/AudioToolbox.framework; sourceTree = SDKROOT; };
/* End PBXFileReference section */

/* Begin PBXFrameworksBuildPhase section */
		1D60588F0D05DD3D006BFB54 /* Frameworks */ = {
			isa = PBXFrameworksBuildPhase;
			buildActionMask = 2147483647;
			files = (
				2464A0DD190527E700432B9E /* Security.framework in Frameworks */,
				2464A0DB190527D400432B9E /* UIKit.framework in Frameworks */,
				2464A0D9190527D000432B9E /* OpenGLES.framework in Frameworks */,
				2464A0FC19052F0400432B9E /* CoreMotion.framework in Frameworks */,
				2402F0381905D2C700EBFC9A /* libbox2d iOS.a in Frameworks */,
				2402F0391905D2CC00EBFC9A /* libchipmunk iOS.a in Frameworks */,
				2402F0331905CDD500EBFC9A /* libcocos2dx iOS.a in Frameworks */,
				2402F03A1905D2D800EBFC9A /* libcocos2dx-extensions iOS.a in Frameworks */,
				2402F03B1905D2D900EBFC9A /* libCocosDenshion iOS.a in Frameworks */,
				1D60589F0D05DD5A006BFB54 /* Foundation.framework in Frameworks */,
				288765A50DF7441C002DB57D /* CoreGraphics.framework in Frameworks */,
				BF1712471292920000B8313A /* libz.dylib in Frameworks */,
				BF1C47F01293687400B63C5D /* QuartzCore.framework in Frameworks */,
				D44C620C132DFF330009C878 /* OpenAL.framework in Frameworks */,
				D44C620E132DFF430009C878 /* AVFoundation.framework in Frameworks */,
				B2BECE4819087DDE00D87478 /* GrowthPush.framework in Frameworks */,
				D44C6210132DFF4E0009C878 /* AudioToolbox.framework in Frameworks */,
			);
			runOnlyForDeploymentPostprocessing = 0;
		};
		5087E75C17EB910900C73F5D /* Frameworks */ = {
			isa = PBXFrameworksBuildPhase;
			buildActionMask = 2147483647;
			files = (
				503AE11217EB99EE00D1A890 /* libcurl.dylib in Frameworks */,
				5087E76717EB910900C73F5D /* libz.dylib in Frameworks */,
				503AE11B17EB9C5A00D1A890 /* IOKit.framework in Frameworks */,
				5087E78B17EB975400C73F5D /* OpenGL.framework in Frameworks */,
				5087E78917EB974C00C73F5D /* AppKit.framework in Frameworks */,
				5087E76317EB910900C73F5D /* Foundation.framework in Frameworks */,
				5087E76517EB910900C73F5D /* CoreGraphics.framework in Frameworks */,
				5087E76817EB910900C73F5D /* QuartzCore.framework in Frameworks */,
				5087E76917EB910900C73F5D /* OpenAL.framework in Frameworks */,
				5087E76A17EB910900C73F5D /* AVFoundation.framework in Frameworks */,
				5087E76B17EB910900C73F5D /* AudioToolbox.framework in Frameworks */,
			);
			runOnlyForDeploymentPostprocessing = 0;
		};
		B2EBC1D51909248300387B71 /* Frameworks */ = {
			isa = PBXFrameworksBuildPhase;
			buildActionMask = 2147483647;
			files = (
				B2EBC1DA1909248300387B71 /* XCTest.framework in Frameworks */,
				B2EBC1DC1909248300387B71 /* UIKit.framework in Frameworks */,
				B2EBC1DB1909248300387B71 /* Foundation.framework in Frameworks */,
				B2EBC206190927FB00387B71 /* GrowthPush.framework in Frameworks */,
			);
			runOnlyForDeploymentPostprocessing = 0;
		};
/* End PBXFrameworksBuildPhase section */

/* Begin PBXGroup section */
		080E96DDFE201D6D7F000001 /* ios */ = {
			isa = PBXGroup;
			children = (
				5087E77117EB970100C73F5D /* Icons */,
				503AE0FA17EB989F00D1A890 /* AppController.h */,
				503AE0FB17EB989F00D1A890 /* AppController.mm */,
				503AE0FC17EB989F00D1A890 /* main.m */,
				503AE0FD17EB989F00D1A890 /* Prefix.pch */,
				503AE0FE17EB989F00D1A890 /* RootViewController.h */,
				503AE0FF17EB989F00D1A890 /* RootViewController.mm */,
			);
			name = ios;
			path = Classes;
			sourceTree = "<group>";
		};
		15AA9C4015B7EC450033D6C2 /* Classes */ = {
			isa = PBXGroup;
			children = (
				2464A0E919052DE700432B9E /* GrowthPush */,
				1AFAF8B316D35DE700DB1158 /* AppDelegate.cpp */,
				1AFAF8B416D35DE700DB1158 /* AppDelegate.h */,
				1AFAF8B516D35DE700DB1158 /* HelloWorldScene.cpp */,
				1AFAF8B616D35DE700DB1158 /* HelloWorldScene.h */,
			);
			name = Classes;
			path = ../classes;
			sourceTree = "<group>";
		};
		19C28FACFE9D520D11CA2CBB /* Products */ = {
			isa = PBXGroup;
			children = (
				1D6058910D05DD3D006BFB54 /* sample iOS.app */,
				5087E76F17EB910900C73F5D /* sample Mac.app */,
				B2EBC1D81909248300387B71 /* GrowthPushSampleTests.xctest */,
			);
			name = Products;
			sourceTree = "<group>";
		};
		2402F00F1905CB3400EBFC9A /* Products */ = {
			isa = PBXGroup;
			children = (
				2402F01E1905CB3400EBFC9A /* libcocos2dx Mac.a */,
				2402F0201905CB3400EBFC9A /* libcocos2dx-extensions Mac.a */,
				2402F0221905CB3400EBFC9A /* libchipmunk Mac.a */,
				2402F0241905CB3400EBFC9A /* libbox2d Mac.a */,
				2402F0261905CB3400EBFC9A /* libCocosDenshion Mac.a */,
				2402F0281905CB3400EBFC9A /* libcocos2dx iOS.a */,
				2402F02A1905CB3400EBFC9A /* libcocos2dx-extensions iOS.a */,
				2402F02C1905CB3400EBFC9A /* libchipmunk iOS.a */,
				2402F02E1905CB3400EBFC9A /* libbox2d iOS.a */,
				2402F0301905CB3400EBFC9A /* libCocosDenshion iOS.a */,
			);
			name = Products;
			sourceTree = "<group>";
		};
		2464A0E919052DE700432B9E /* GrowthPush */ = {
			isa = PBXGroup;
			children = (
				2464A0EA19052DE700432B9E /* android */,
				2464A0ED19052DE700432B9E /* GPEnvironment.h */,
				2464A0EE19052DE700432B9E /* GPJsonHelper.h */,
				2464A0EF19052DE700432B9E /* GPMacros.h */,
				2464A0F019052DE700432B9E /* GrowthPush.h */,
				2464A0F119052DE700432B9E /* ios */,
			);
			name = GrowthPush;
			path = ../Classes/GrowthPush;
			sourceTree = "<group>";
		};
		2464A0EA19052DE700432B9E /* android */ = {
			isa = PBXGroup;
			children = (
				2464A0EB19052DE700432B9E /* GrowthPush.cpp */,
			);
			path = android;
			sourceTree = "<group>";
		};
		2464A0F119052DE700432B9E /* ios */ = {
			isa = PBXGroup;
			children = (
				B2BECE4E19087F9400D87478 /* GPAppDelegateIntercepter.h */,
				B2BECE4F19087F9400D87478 /* GPAppDelegateIntercepter.m */,
				B2BECE591908DC0F00D87478 /* GPAppDelegateWrapper.h */,
				B2BECE5A1908DC0F00D87478 /* GPAppDelegateWrapperDelegate.h */,
				2464A0F219052DE700432B9E /* GrowthPush.mm */,
				2464A0F319052DE700432B9E /* GrowthPushCCInternal.h */,
				2464A0F419052DE700432B9E /* GrowthPushCCInternal.m */,
				B2BECE4919087EBC00D87478 /* UIApplication+GrowthPush.h */,
				B2BECE4A19087EBC00D87478 /* UIApplication+GrowthPush.m */,
			);
			path = ios;
			sourceTree = "<group>";
		};
		29B97314FDCFA39411CA2CEA /* CustomTemplate */ = {
			isa = PBXGroup;
			children = (
				2402F00E1905CB3400EBFC9A /* cocos2d_libs.xcodeproj */,
				15AA9C4015B7EC450033D6C2 /* Classes */,
				B2EBC1DD1909248300387B71 /* GrowthPushSampleTests */,
				29B97323FDCFA39411CA2CEA /* Frameworks */,
				080E96DDFE201D6D7F000001 /* ios */,
				503AE10617EB990700D1A890 /* mac */,
				19C28FACFE9D520D11CA2CBB /* Products */,
				78C7DDAA14EBA5050085D0C2 /* Resources */,
			);
			name = CustomTemplate;
			sourceTree = "<group>";
		};
		29B97323FDCFA39411CA2CEA /* Frameworks */ = {
			isa = PBXGroup;
			children = (
				B2BECE4719087DDE00D87478 /* GrowthPush.framework */,
				5087E78817EB974C00C73F5D /* AppKit.framework */,
				D44C620F132DFF4E0009C878 /* AudioToolbox.framework */,
				D44C620D132DFF430009C878 /* AVFoundation.framework */,
				288765A40DF7441C002DB57D /* CoreGraphics.framework */,
				2464A0FB19052F0400432B9E /* CoreMotion.framework */,
				1D30AB110D05D00D00671497 /* Foundation.framework */,
				503AE11A17EB9C5A00D1A890 /* IOKit.framework */,
				1ACB3243164770DE00914215 /* libcurl.a */,
				503AE11117EB99EE00D1A890 /* libcurl.dylib */,
				BF170DB412928DE900B8313A /* libz.dylib */,
				2464A0DE190527F000432B9E /* MobileCoreServices.framework */,
				D44C620B132DFF330009C878 /* OpenAL.framework */,
				5087E78A17EB975400C73F5D /* OpenGL.framework */,
				2464A0D8190527D000432B9E /* OpenGLES.framework */,
				BF1C47EA1293683800B63C5D /* QuartzCore.framework */,
				2464A0DC190527E700432B9E /* Security.framework */,
				2464A0E01905281D00432B9E /* SystemConfiguration.framework */,
				2464A0DA190527D400432B9E /* UIKit.framework */,
				B2EBC1D91909248300387B71 /* XCTest.framework */,
			);
			name = Frameworks;
			sourceTree = "<group>";
		};
		503AE0F517EB97AB00D1A890 /* Icons */ = {
			isa = PBXGroup;
			children = (
				503AE0F617EB97AB00D1A890 /* Icon.icns */,
				503AE0F717EB97AB00D1A890 /* Info.plist */,
			);
			name = Icons;
			path = mac;
			sourceTree = SOURCE_ROOT;
		};
		503AE10617EB990700D1A890 /* mac */ = {
			isa = PBXGroup;
			children = (
				503AE0F517EB97AB00D1A890 /* Icons */,
				503AE10317EB98FF00D1A890 /* main.cpp */,
				503AE10417EB98FF00D1A890 /* Prefix.pch */,
			);
			name = mac;
			sourceTree = "<group>";
		};
		5087E77117EB970100C73F5D /* Icons */ = {
			isa = PBXGroup;
			children = (
				5087E77217EB970100C73F5D /* Default-568h@2x.png */,
				5087E77317EB970100C73F5D /* Default.png */,
				5087E77417EB970100C73F5D /* Default@2x.png */,
				50EF62A017ECD613001EB2F8 /* Icon-29.png */,
				50EF62A117ECD613001EB2F8 /* Icon-50.png */,
				50EF629217ECD46A001EB2F8 /* Icon-40.png */,
				50EF629317ECD46A001EB2F8 /* Icon-58.png */,
				50EF629417ECD46A001EB2F8 /* Icon-80.png */,
				50EF629517ECD46A001EB2F8 /* Icon-100.png */,
				5087E77517EB970100C73F5D /* Icon-114.png */,
				5087E77617EB970100C73F5D /* Icon-120.png */,
				5087E77717EB970100C73F5D /* Icon-144.png */,
				5087E77817EB970100C73F5D /* Icon-152.png */,
				5087E77917EB970100C73F5D /* Icon-57.png */,
				5087E77A17EB970100C73F5D /* Icon-72.png */,
				5087E77B17EB970100C73F5D /* Icon-76.png */,
				5087E77C17EB970100C73F5D /* Info.plist */,
			);
			name = Icons;
			path = ios;
			sourceTree = SOURCE_ROOT;
		};
		78C7DDAA14EBA5050085D0C2 /* Resources */ = {
			isa = PBXGroup;
			children = (
				1AFAF8B916D35E4900DB1158 /* CloseNormal.png */,
				1AFAF8BA16D35E4900DB1158 /* CloseSelected.png */,
				1AFAF8BB16D35E4900DB1158 /* HelloWorld.png */,
			);
			name = Resources;
			path = ../Resources;
			sourceTree = "<group>";
		};
		B2EBC1DD1909248300387B71 /* GrowthPushSampleTests */ = {
			isa = PBXGroup;
			children = (
				B2DA4A3F190929130040CF3C /* EventTests.h */,
				B2DA4A40190929130040CF3C /* EventTests.mm */,
				B2DA4A41190929130040CF3C /* GrowthPushTestCase.h */,
				B2DA4A42190929130040CF3C /* GrowthPushTestCase.mm */,
				B2DA4A43190929130040CF3C /* GrowthPushTests.h */,
				B2DA4A44190929130040CF3C /* GrowthPushTests.mm */,
				B2DA4A45190929130040CF3C /* TagTests.h */,
				B2DA4A46190929130040CF3C /* TagTests.mm */,
				B2EBC1DE1909248300387B71 /* Supporting Files */,
			);
			path = GrowthPushSampleTests;
			sourceTree = "<group>";
		};
		B2EBC1DE1909248300387B71 /* Supporting Files */ = {
			isa = PBXGroup;
			children = (
				B2EBC1DF1909248300387B71 /* GrowthPushSampleTests-Info.plist */,
				B2EBC1E01909248300387B71 /* InfoPlist.strings */,
				B2EBC1E51909248300387B71 /* GrowthPushSampleTests-Prefix.pch */,
			);
			name = "Supporting Files";
			sourceTree = "<group>";
		};
/* End PBXGroup section */

/* Begin PBXNativeTarget section */
		1D6058900D05DD3D006BFB54 /* sample iOS */ = {
			isa = PBXNativeTarget;
			buildConfigurationList = 1D6058960D05DD3E006BFB54 /* Build configuration list for PBXNativeTarget "sample iOS" */;
			buildPhases = (
				1D60588D0D05DD3D006BFB54 /* Resources */,
				1D60588E0D05DD3D006BFB54 /* Sources */,
				1D60588F0D05DD3D006BFB54 /* Frameworks */,
			);
			buildRules = (
			);
			dependencies = (
				2402F03D1905D2EA00EBFC9A /* PBXTargetDependency */,
				2402F03F1905D2EA00EBFC9A /* PBXTargetDependency */,
				2402F0411905D2EA00EBFC9A /* PBXTargetDependency */,
				2402F0431905D2EA00EBFC9A /* PBXTargetDependency */,
				2402F0321905CDC900EBFC9A /* PBXTargetDependency */,
			);
			name = "sample iOS";
			productName = iphone;
			productReference = 1D6058910D05DD3D006BFB54 /* sample iOS.app */;
			productType = "com.apple.product-type.application";
		};
		5087E73D17EB910900C73F5D /* sample Mac */ = {
			isa = PBXNativeTarget;
			buildConfigurationList = 5087E76C17EB910900C73F5D /* Build configuration list for PBXNativeTarget "sample Mac" */;
			buildPhases = (
				5087E74817EB910900C73F5D /* Resources */,
				5087E75617EB910900C73F5D /* Sources */,
				5087E75C17EB910900C73F5D /* Frameworks */,
			);
			buildRules = (
			);
			dependencies = (
			);
			name = "sample Mac";
			productName = iphone;
			productReference = 5087E76F17EB910900C73F5D /* sample Mac.app */;
			productType = "com.apple.product-type.application";
		};
		B2EBC1D71909248300387B71 /* GrowthPushSampleTests */ = {
			isa = PBXNativeTarget;
			buildConfigurationList = B2EBC1F11909248300387B71 /* Build configuration list for PBXNativeTarget "GrowthPushSampleTests" */;
			buildPhases = (
				B2EBC1D41909248300387B71 /* Sources */,
				B2EBC1D51909248300387B71 /* Frameworks */,
				B2EBC1D61909248300387B71 /* Resources */,
			);
			buildRules = (
			);
			dependencies = (
				B2EBC1E71909248300387B71 /* PBXTargetDependency */,
			);
			name = GrowthPushSampleTests;
			productName = GrowthPushSampleTests;
			productReference = B2EBC1D81909248300387B71 /* GrowthPushSampleTests.xctest */;
			productType = "com.apple.product-type.bundle.unit-test";
		};
/* End PBXNativeTarget section */

/* Begin PBXProject section */
		29B97313FDCFA39411CA2CEA /* Project object */ = {
			isa = PBXProject;
			attributes = {
				LastUpgradeCheck = 0510;
				TargetAttributes = {
					1D6058900D05DD3D006BFB54 = {
						DevelopmentTeam = MDDB52YB8L;
					};
					B2EBC1D71909248300387B71 = {
						TestTargetID = 1D6058900D05DD3D006BFB54;
					};
				};
			};
			buildConfigurationList = C01FCF4E08A954540054247B /* Build configuration list for PBXProject "sample" */;
			compatibilityVersion = "Xcode 3.2";
			developmentRegion = English;
			hasScannedForEncodings = 1;
			knownRegions = (
				English,
				Japanese,
				French,
				German,
				en,
			);
			mainGroup = 29B97314FDCFA39411CA2CEA /* CustomTemplate */;
			projectDirPath = "";
			projectReferences = (
				{
					ProductGroup = 2402F00F1905CB3400EBFC9A /* Products */;
					ProjectRef = 2402F00E1905CB3400EBFC9A /* cocos2d_libs.xcodeproj */;
				},
			);
			projectRoot = "";
			targets = (
				1D6058900D05DD3D006BFB54 /* sample iOS */,
				5087E73D17EB910900C73F5D /* sample Mac */,
				B2EBC1D71909248300387B71 /* GrowthPushSampleTests */,
			);
		};
/* End PBXProject section */

/* Begin PBXReferenceProxy section */
		2402F01E1905CB3400EBFC9A /* libcocos2dx Mac.a */ = {
			isa = PBXReferenceProxy;
			fileType = archive.ar;
			path = "libcocos2dx Mac.a";
			remoteRef = 2402F01D1905CB3400EBFC9A /* PBXContainerItemProxy */;
			sourceTree = BUILT_PRODUCTS_DIR;
		};
		2402F0201905CB3400EBFC9A /* libcocos2dx-extensions Mac.a */ = {
			isa = PBXReferenceProxy;
			fileType = archive.ar;
			path = "libcocos2dx-extensions Mac.a";
			remoteRef = 2402F01F1905CB3400EBFC9A /* PBXContainerItemProxy */;
			sourceTree = BUILT_PRODUCTS_DIR;
		};
		2402F0221905CB3400EBFC9A /* libchipmunk Mac.a */ = {
			isa = PBXReferenceProxy;
			fileType = archive.ar;
			path = "libchipmunk Mac.a";
			remoteRef = 2402F0211905CB3400EBFC9A /* PBXContainerItemProxy */;
			sourceTree = BUILT_PRODUCTS_DIR;
		};
		2402F0241905CB3400EBFC9A /* libbox2d Mac.a */ = {
			isa = PBXReferenceProxy;
			fileType = archive.ar;
			path = "libbox2d Mac.a";
			remoteRef = 2402F0231905CB3400EBFC9A /* PBXContainerItemProxy */;
			sourceTree = BUILT_PRODUCTS_DIR;
		};
		2402F0261905CB3400EBFC9A /* libCocosDenshion Mac.a */ = {
			isa = PBXReferenceProxy;
			fileType = archive.ar;
			path = "libCocosDenshion Mac.a";
			remoteRef = 2402F0251905CB3400EBFC9A /* PBXContainerItemProxy */;
			sourceTree = BUILT_PRODUCTS_DIR;
		};
		2402F0281905CB3400EBFC9A /* libcocos2dx iOS.a */ = {
			isa = PBXReferenceProxy;
			fileType = archive.ar;
			path = "libcocos2dx iOS.a";
			remoteRef = 2402F0271905CB3400EBFC9A /* PBXContainerItemProxy */;
			sourceTree = BUILT_PRODUCTS_DIR;
		};
		2402F02A1905CB3400EBFC9A /* libcocos2dx-extensions iOS.a */ = {
			isa = PBXReferenceProxy;
			fileType = archive.ar;
			path = "libcocos2dx-extensions iOS.a";
			remoteRef = 2402F0291905CB3400EBFC9A /* PBXContainerItemProxy */;
			sourceTree = BUILT_PRODUCTS_DIR;
		};
		2402F02C1905CB3400EBFC9A /* libchipmunk iOS.a */ = {
			isa = PBXReferenceProxy;
			fileType = archive.ar;
			path = "libchipmunk iOS.a";
			remoteRef = 2402F02B1905CB3400EBFC9A /* PBXContainerItemProxy */;
			sourceTree = BUILT_PRODUCTS_DIR;
		};
		2402F02E1905CB3400EBFC9A /* libbox2d iOS.a */ = {
			isa = PBXReferenceProxy;
			fileType = archive.ar;
			path = "libbox2d iOS.a";
			remoteRef = 2402F02D1905CB3400EBFC9A /* PBXContainerItemProxy */;
			sourceTree = BUILT_PRODUCTS_DIR;
		};
		2402F0301905CB3400EBFC9A /* libCocosDenshion iOS.a */ = {
			isa = PBXReferenceProxy;
			fileType = archive.ar;
			path = "libCocosDenshion iOS.a";
			remoteRef = 2402F02F1905CB3400EBFC9A /* PBXContainerItemProxy */;
			sourceTree = BUILT_PRODUCTS_DIR;
		};
/* End PBXReferenceProxy section */

/* Begin PBXResourcesBuildPhase section */
		1D60588D0D05DD3D006BFB54 /* Resources */ = {
			isa = PBXResourcesBuildPhase;
			buildActionMask = 2147483647;
			files = (
				5087E78117EB970100C73F5D /* Icon-120.png in Resources */,
				5087E78617EB970100C73F5D /* Icon-76.png in Resources */,
				5087E77F17EB970100C73F5D /* Default@2x.png in Resources */,
				50EF629917ECD46A001EB2F8 /* Icon-100.png in Resources */,
				1AFAF8BC16D35E4900DB1158 /* CloseNormal.png in Resources */,
				5087E78317EB970100C73F5D /* Icon-152.png in Resources */,
				5087E77D17EB970100C73F5D /* Default-568h@2x.png in Resources */,
				5087E78517EB970100C73F5D /* Icon-72.png in Resources */,
				1AFAF8BD16D35E4900DB1158 /* CloseSelected.png in Resources */,
				50EF62A317ECD613001EB2F8 /* Icon-50.png in Resources */,
				5087E78017EB970100C73F5D /* Icon-114.png in Resources */,
				1AFAF8BE16D35E4900DB1158 /* HelloWorld.png in Resources */,
				50EF62A217ECD613001EB2F8 /* Icon-29.png in Resources */,
				50EF629617ECD46A001EB2F8 /* Icon-40.png in Resources */,
				5087E78217EB970100C73F5D /* Icon-144.png in Resources */,
				50EF629817ECD46A001EB2F8 /* Icon-80.png in Resources */,
				5087E78417EB970100C73F5D /* Icon-57.png in Resources */,
				5087E77E17EB970100C73F5D /* Default.png in Resources */,
				50EF629717ECD46A001EB2F8 /* Icon-58.png in Resources */,
			);
			runOnlyForDeploymentPostprocessing = 0;
		};
		5087E74817EB910900C73F5D /* Resources */ = {
			isa = PBXResourcesBuildPhase;
			buildActionMask = 2147483647;
			files = (
				5087E75317EB910900C73F5D /* CloseNormal.png in Resources */,
				503AE0F817EB97AB00D1A890 /* Icon.icns in Resources */,
				5087E75417EB910900C73F5D /* CloseSelected.png in Resources */,
				5087E75517EB910900C73F5D /* HelloWorld.png in Resources */,
			);
			runOnlyForDeploymentPostprocessing = 0;
		};
		B2EBC1D61909248300387B71 /* Resources */ = {
			isa = PBXResourcesBuildPhase;
			buildActionMask = 2147483647;
			files = (
				B2EBC1E21909248300387B71 /* InfoPlist.strings in Resources */,
			);
			runOnlyForDeploymentPostprocessing = 0;
		};
/* End PBXResourcesBuildPhase section */

/* Begin PBXSourcesBuildPhase section */
		1D60588E0D05DD3D006BFB54 /* Sources */ = {
			isa = PBXSourcesBuildPhase;
			buildActionMask = 2147483647;
			files = (
				503AE10017EB989F00D1A890 /* AppController.mm in Sources */,
				503AE10217EB989F00D1A890 /* RootViewController.mm in Sources */,
				2464A0F719052DE700432B9E /* GrowthPush.cpp in Sources */,
				1AFAF8B716D35DE700DB1158 /* AppDelegate.cpp in Sources */,
				B2BECE5019087F9400D87478 /* GPAppDelegateIntercepter.m in Sources */,
				503AE10117EB989F00D1A890 /* main.m in Sources */,
				2464A0F819052DE700432B9E /* GrowthPush.mm in Sources */,
				1AFAF8B816D35DE700DB1158 /* HelloWorldScene.cpp in Sources */,
				B2BECE4B19087EBC00D87478 /* UIApplication+GrowthPush.m in Sources */,
				2464A0F919052DE700432B9E /* GrowthPushCCInternal.m in Sources */,
			);
			runOnlyForDeploymentPostprocessing = 0;
		};
		5087E75617EB910900C73F5D /* Sources */ = {
			isa = PBXSourcesBuildPhase;
			buildActionMask = 2147483647;
			files = (
				5087E75717EB910900C73F5D /* AppDelegate.cpp in Sources */,
				5087E75817EB910900C73F5D /* HelloWorldScene.cpp in Sources */,
				503AE10517EB98FF00D1A890 /* main.cpp in Sources */,
			);
			runOnlyForDeploymentPostprocessing = 0;
		};
		B2EBC1D41909248300387B71 /* Sources */ = {
			isa = PBXSourcesBuildPhase;
			buildActionMask = 2147483647;
			files = (
				B2DA4A48190929130040CF3C /* GrowthPushTestCase.mm in Sources */,
				B2DA4A49190929130040CF3C /* GrowthPushTests.mm in Sources */,
				B2DA4A4A190929130040CF3C /* TagTests.mm in Sources */,
				B2DA4A47190929130040CF3C /* EventTests.mm in Sources */,
			);
			runOnlyForDeploymentPostprocessing = 0;
		};
/* End PBXSourcesBuildPhase section */

/* Begin PBXTargetDependency section */
		2402F0321905CDC900EBFC9A /* PBXTargetDependency */ = {
			isa = PBXTargetDependency;
			name = "cocos2dx iOS";
			targetProxy = 2402F0311905CDC900EBFC9A /* PBXContainerItemProxy */;
		};
		2402F03D1905D2EA00EBFC9A /* PBXTargetDependency */ = {
			isa = PBXTargetDependency;
			name = "cocos2dx-extensions iOS";
			targetProxy = 2402F03C1905D2EA00EBFC9A /* PBXContainerItemProxy */;
		};
		2402F03F1905D2EA00EBFC9A /* PBXTargetDependency */ = {
			isa = PBXTargetDependency;
			name = "chipmunk iOS";
			targetProxy = 2402F03E1905D2EA00EBFC9A /* PBXContainerItemProxy */;
		};
		2402F0411905D2EA00EBFC9A /* PBXTargetDependency */ = {
			isa = PBXTargetDependency;
			name = "box2d iOS";
			targetProxy = 2402F0401905D2EA00EBFC9A /* PBXContainerItemProxy */;
		};
		2402F0431905D2EA00EBFC9A /* PBXTargetDependency */ = {
			isa = PBXTargetDependency;
			name = "CocosDenshion iOS";
			targetProxy = 2402F0421905D2EA00EBFC9A /* PBXContainerItemProxy */;
		};
		B2EBC1E71909248300387B71 /* PBXTargetDependency */ = {
			isa = PBXTargetDependency;
			target = 1D6058900D05DD3D006BFB54 /* sample iOS */;
			targetProxy = B2EBC1E61909248300387B71 /* PBXContainerItemProxy */;
		};
/* End PBXTargetDependency section */

/* Begin PBXVariantGroup section */
		B2EBC1E01909248300387B71 /* InfoPlist.strings */ = {
			isa = PBXVariantGroup;
			children = (
				B2EBC1E11909248300387B71 /* en */,
			);
			name = InfoPlist.strings;
			sourceTree = "<group>";
		};
/* End PBXVariantGroup section */

/* Begin XCBuildConfiguration section */
		1D6058940D05DD3E006BFB54 /* Debug */ = {
			isa = XCBuildConfiguration;
			buildSettings = {
				ALWAYS_SEARCH_USER_PATHS = YES;
				CODE_SIGN_IDENTITY = "iPhone Developer: Yuto Mukoyama (S4DY4ST4FA)";
				COMPRESS_PNG_FILES = NO;
				FRAMEWORK_SEARCH_PATHS = (
					"$(inherited)",
					"$(PROJECT_DIR)/ios",
					"$(PROJECT_DIR)/../../submodules/growthpush-ios/",
				);
				GCC_DYNAMIC_NO_PIC = NO;
				GCC_INLINES_ARE_PRIVATE_EXTERN = NO;
				GCC_PRECOMPILE_PREFIX_HEADER = YES;
				GCC_PREFIX_HEADER = ios/Prefix.pch;
				GCC_PREPROCESSOR_DEFINITIONS = (
					USE_FILE32API,
					CC_TARGET_OS_IPHONE,
					"COCOS2D_DEBUG=1",
					"CC_ENABLE_CHIPMUNK_INTEGRATION=1",
				);
				GCC_SYMBOLS_PRIVATE_EXTERN = NO;
				HEADER_SEARCH_PATHS = (
					"$(inherited)",
					"$(SRCROOT)/../../submodules/cocos2d-x/cocos/2d/platform/ios",
					"$(SRCROOT)/../../submodules/cocos2d-x/cocos/2d/platform/ios/Simulation",
					"$(SRCROOT)/../../submodules/cocos2d-x/cocos/2d",
					"$(SRCROOT)/../../submodules/cocos2d-x/cocos/base",
					"$(SRCROOT)/../../submodules/cocos2d-x/cocos/math/kazmath",
					"$(SRCROOT)/../../submodules/cocos2d-x/cocos/physics",
					"$(SRCROOT)/../../submodules/cocos2d-x/cocos/deprecated",
				);
				INFOPLIST_FILE = ios/Info.plist;
				IPHONEOS_DEPLOYMENT_TARGET = 5.0;
				LIBRARY_SEARCH_PATHS = "";
				PRODUCT_NAME = "sample iOS";
				PROVISIONING_PROFILE = "8668D93E-131F-4841-B50E-BB8D7D3F29CD";
				SDKROOT = iphoneos;
				TARGETED_DEVICE_FAMILY = "1,2";
				USER_HEADER_SEARCH_PATHS = "";
			};
			name = Debug;
		};
		1D6058950D05DD3E006BFB54 /* Release */ = {
			isa = XCBuildConfiguration;
			buildSettings = {
				ALWAYS_SEARCH_USER_PATHS = YES;
				CODE_SIGN_IDENTITY = "iPhone Developer: Yuto Mukoyama (S4DY4ST4FA)";
				COMPRESS_PNG_FILES = NO;
				FRAMEWORK_SEARCH_PATHS = (
					"$(inherited)",
					"$(PROJECT_DIR)/ios",
					"$(PROJECT_DIR)/../../submodules/growthpush-ios/",
				);
				GCC_INLINES_ARE_PRIVATE_EXTERN = NO;
				GCC_PRECOMPILE_PREFIX_HEADER = YES;
				GCC_PREFIX_HEADER = ios/Prefix.pch;
				GCC_PREPROCESSOR_DEFINITIONS = (
					USE_FILE32API,
					CC_TARGET_OS_IPHONE,
					"CC_ENABLE_CHIPMUNK_INTEGRATION=1",
				);
				GCC_SYMBOLS_PRIVATE_EXTERN = NO;
				HEADER_SEARCH_PATHS = (
					"$(inherited)",
					"$(SRCROOT)/../../submodules/cocos2d-x/cocos/2d/platform/ios",
					"$(SRCROOT)/../../submodules/cocos2d-x/cocos/2d/platform/ios/Simulation",
					"$(SRCROOT)/../../submodules/cocos2d-x/cocos/2d",
					"$(SRCROOT)/../../submodules/cocos2d-x/cocos/base",
					"$(SRCROOT)/../../submodules/cocos2d-x/cocos/math/kazmath",
					"$(SRCROOT)/../../submodules/cocos2d-x/cocos/physics",
					"$(SRCROOT)/../../submodules/cocos2d-x/cocos/deprecated",
				);
				INFOPLIST_FILE = ios/Info.plist;
				IPHONEOS_DEPLOYMENT_TARGET = 5.0;
				LIBRARY_SEARCH_PATHS = "";
				PRODUCT_NAME = "sample iOS";
				PROVISIONING_PROFILE = "8668D93E-131F-4841-B50E-BB8D7D3F29CD";
				SDKROOT = iphoneos;
				TARGETED_DEVICE_FAMILY = "1,2";
				USER_HEADER_SEARCH_PATHS = "";
			};
			name = Release;
		};
		5087E76D17EB910900C73F5D /* Debug */ = {
			isa = XCBuildConfiguration;
			buildSettings = {
				ALWAYS_SEARCH_USER_PATHS = YES;
				CLANG_CXX_LANGUAGE_STANDARD = "c++0x";
				CLANG_CXX_LIBRARY = "libc++";
				COMBINE_HIDPI_IMAGES = YES;
				GCC_DYNAMIC_NO_PIC = NO;
				GCC_INLINES_ARE_PRIVATE_EXTERN = NO;
				GCC_PRECOMPILE_PREFIX_HEADER = YES;
				GCC_PREFIX_HEADER = mac/Prefix.pch;
				GCC_PREPROCESSOR_DEFINITIONS = (
					USE_FILE32API,
					CC_TARGET_OS_MAC,
					"COCOS2D_DEBUG=1",
					"CC_ENABLE_CHIPMUNK_INTEGRATION=1",
				);
				GCC_SYMBOLS_PRIVATE_EXTERN = NO;
				HEADER_SEARCH_PATHS = (
					"$(inherited)",
					"$(SRCROOT)/../cocos2d/cocos/2d/platform/mac",
					"$(SRCROOT)/../cocos2d/external/glfw3/include/mac",
				);
				INFOPLIST_FILE = mac/Info.plist;
				LIBRARY_SEARCH_PATHS = "";
				PRODUCT_NAME = "sample Mac";
				USER_HEADER_SEARCH_PATHS = "";
			};
			name = Debug;
		};
		5087E76E17EB910900C73F5D /* Release */ = {
			isa = XCBuildConfiguration;
			buildSettings = {
				ALWAYS_SEARCH_USER_PATHS = YES;
				CLANG_CXX_LANGUAGE_STANDARD = "c++0x";
				CLANG_CXX_LIBRARY = "libc++";
				COMBINE_HIDPI_IMAGES = YES;
				GCC_INLINES_ARE_PRIVATE_EXTERN = NO;
				GCC_PRECOMPILE_PREFIX_HEADER = YES;
				GCC_PREFIX_HEADER = mac/Prefix.pch;
				GCC_PREPROCESSOR_DEFINITIONS = (
					USE_FILE32API,
					CC_TARGET_OS_MAC,
					"CC_ENABLE_CHIPMUNK_INTEGRATION=1",
				);
				GCC_SYMBOLS_PRIVATE_EXTERN = NO;
				HEADER_SEARCH_PATHS = (
					"$(inherited)",
					"$(SRCROOT)/../cocos2d/cocos/2d/platform/mac",
					"$(SRCROOT)/../cocos2d/external/glfw3/include/mac",
				);
				INFOPLIST_FILE = mac/Info.plist;
				LIBRARY_SEARCH_PATHS = "";
				PRODUCT_NAME = "sample Mac";
				USER_HEADER_SEARCH_PATHS = "";
			};
			name = Release;
		};
		B2EBC1E81909248300387B71 /* Debug */ = {
			isa = XCBuildConfiguration;
			buildSettings = {
				ALWAYS_SEARCH_USER_PATHS = NO;
				BUNDLE_LOADER = "$(BUILT_PRODUCTS_DIR)/sample iOS.app/sample iOS";
				CLANG_CXX_LANGUAGE_STANDARD = "gnu++0x";
				CLANG_ENABLE_MODULES = YES;
				CLANG_ENABLE_OBJC_ARC = YES;
				CLANG_WARN_BOOL_CONVERSION = YES;
				CLANG_WARN_CONSTANT_CONVERSION = YES;
				CLANG_WARN_DIRECT_OBJC_ISA_USAGE = YES_ERROR;
				CLANG_WARN_EMPTY_BODY = YES;
				CLANG_WARN_ENUM_CONVERSION = YES;
				CLANG_WARN_INT_CONVERSION = YES;
				CLANG_WARN_OBJC_ROOT_CLASS = YES_ERROR;
				CLANG_WARN__DUPLICATE_METHOD_MATCH = YES;
				FRAMEWORK_SEARCH_PATHS = (
					"$(SDKROOT)/Developer/Library/Frameworks",
					"$(inherited)",
					"$(DEVELOPER_FRAMEWORKS_DIR)",
					"/Users/kataoka/growthpush-cocos2dx3/submodules/growthpush-ios",
				);
				GCC_C_LANGUAGE_STANDARD = gnu99;
				GCC_DYNAMIC_NO_PIC = NO;
				GCC_PRECOMPILE_PREFIX_HEADER = YES;
				GCC_PREFIX_HEADER = "GrowthPushSampleTests/GrowthPushSampleTests-Prefix.pch";
				GCC_PREPROCESSOR_DEFINITIONS = (
					"COCOS2D_DEBUG=1",
					"DEBUG=1",
					"$(inherited)",
					CC_TARGET_OS_IPHONE,
				);
				GCC_SYMBOLS_PRIVATE_EXTERN = NO;
				GCC_WARN_64_TO_32_BIT_CONVERSION = YES;
				GCC_WARN_ABOUT_RETURN_TYPE = YES_ERROR;
				GCC_WARN_UNDECLARED_SELECTOR = YES;
				GCC_WARN_UNINITIALIZED_AUTOS = YES_AGGRESSIVE;
				GCC_WARN_UNUSED_FUNCTION = YES;
				INFOPLIST_FILE = "GrowthPushSampleTests/GrowthPushSampleTests-Info.plist";
				IPHONEOS_DEPLOYMENT_TARGET = 7.1;
				PRODUCT_NAME = "$(TARGET_NAME)";
				SDKROOT = iphoneos;
				TEST_HOST = "$(BUNDLE_LOADER)";
				WRAPPER_EXTENSION = xctest;
			};
			name = Debug;
		};
		B2EBC1E91909248300387B71 /* Release */ = {
			isa = XCBuildConfiguration;
			buildSettings = {
				ALWAYS_SEARCH_USER_PATHS = NO;
				BUNDLE_LOADER = "$(BUILT_PRODUCTS_DIR)/sample iOS.app/sample iOS";
				CLANG_CXX_LANGUAGE_STANDARD = "gnu++0x";
				CLANG_ENABLE_MODULES = YES;
				CLANG_ENABLE_OBJC_ARC = YES;
				CLANG_WARN_BOOL_CONVERSION = YES;
				CLANG_WARN_CONSTANT_CONVERSION = YES;
				CLANG_WARN_DIRECT_OBJC_ISA_USAGE = YES_ERROR;
				CLANG_WARN_EMPTY_BODY = YES;
				CLANG_WARN_ENUM_CONVERSION = YES;
				CLANG_WARN_INT_CONVERSION = YES;
				CLANG_WARN_OBJC_ROOT_CLASS = YES_ERROR;
				CLANG_WARN__DUPLICATE_METHOD_MATCH = YES;
				COPY_PHASE_STRIP = YES;
				ENABLE_NS_ASSERTIONS = NO;
				FRAMEWORK_SEARCH_PATHS = (
					"$(SDKROOT)/Developer/Library/Frameworks",
					"$(inherited)",
					"$(DEVELOPER_FRAMEWORKS_DIR)",
					"/Users/kataoka/growthpush-cocos2dx3/submodules/growthpush-ios",
				);
				GCC_C_LANGUAGE_STANDARD = gnu99;
				GCC_PRECOMPILE_PREFIX_HEADER = YES;
				GCC_PREFIX_HEADER = "GrowthPushSampleTests/GrowthPushSampleTests-Prefix.pch";
				GCC_WARN_64_TO_32_BIT_CONVERSION = YES;
				GCC_WARN_ABOUT_RETURN_TYPE = YES_ERROR;
				GCC_WARN_UNDECLARED_SELECTOR = YES;
				GCC_WARN_UNINITIALIZED_AUTOS = YES_AGGRESSIVE;
				GCC_WARN_UNUSED_FUNCTION = YES;
				INFOPLIST_FILE = "GrowthPushSampleTests/GrowthPushSampleTests-Info.plist";
				IPHONEOS_DEPLOYMENT_TARGET = 7.1;
				PRODUCT_NAME = "$(TARGET_NAME)";
				SDKROOT = iphoneos;
				TEST_HOST = "$(BUNDLE_LOADER)";
				WRAPPER_EXTENSION = xctest;
			};
			name = Release;
		};
		C01FCF4F08A954540054247B /* Debug */ = {
			isa = XCBuildConfiguration;
			buildSettings = {
				CLANG_CXX_LANGUAGE_STANDARD = "c++0x";
				CLANG_CXX_LIBRARY = "libc++";
				COPY_PHASE_STRIP = NO;
				GCC_OPTIMIZATION_LEVEL = 0;
				GCC_WARN_ABOUT_RETURN_TYPE = YES;
				GCC_WARN_UNUSED_VARIABLE = YES;
				HEADER_SEARCH_PATHS = (
					"$(SRCROOT)/../../submodules/cocos2d-x",
					"$(SRCROOT)/../../submodules/cocos2d-x/cocos",
					"$(SRCROOT)/../../submodules/cocos2d-x/cocos/base",
					"$(SRCROOT)/../../submodules/cocos2d-x/cocos/physics",
					"$(SRCROOT)/../../submodules/cocos2d-x/cocos/math/kazmath",
					"$(SRCROOT)/../../submodules/cocos2d-x/cocos/2d",
					"$(SRCROOT)/../../submodules/cocos2d-x/cocos/ui",
					"$(SRCROOT)/../../submodules/cocos2d-x/cocos/network",
					"$(SRCROOT)/../../submodules/cocos2d-x/cocos/audio/include",
					"$(SRCROOT)/../../submodules/cocos2d-x/cocos/editor-support",
					"$(SRCROOT)/../../submodules/cocos2d-x/extensions",
					"$(SRCROOT)/../../submodules/cocos2d-x/external",
					"$(SRCROOT)/../../submodules/cocos2d-x/external/chipmunk/include/chipmunk",
					"$(SRCROOT)/../../submodules/cocos2d-x/cocos",
					"$(SRCROOT)/../../submodules/cocos2d-x/cocos/2d/platform/ios",
				);
				ONLY_ACTIVE_ARCH = YES;
				PRODUCT_NAME = "$(TARGET_NAME)";
				SDKROOT = macosx;
			};
			name = Debug;
		};
		C01FCF5008A954540054247B /* Release */ = {
			isa = XCBuildConfiguration;
			buildSettings = {
				CLANG_CXX_LANGUAGE_STANDARD = "c++0x";
				CLANG_CXX_LIBRARY = "libc++";
				GCC_WARN_ABOUT_RETURN_TYPE = YES;
				GCC_WARN_UNUSED_VARIABLE = YES;
				HEADER_SEARCH_PATHS = (
					"$(SRCROOT)/../../submodules/cocos2d-x",
					"$(SRCROOT)/../../submodules/cocos2d-x/cocos",
					"$(SRCROOT)/../../submodules/cocos2d-x/cocos/base",
					"$(SRCROOT)/../../submodules/cocos2d-x/cocos/physics",
					"$(SRCROOT)/../../submodules/cocos2d-x/cocos/math/kazmath",
					"$(SRCROOT)/../../submodules/cocos2d-x/cocos/2d",
					"$(SRCROOT)/../../submodules/cocos2d-x/cocos/ui",
					"$(SRCROOT)/../../submodules/cocos2d-x/cocos/network",
					"$(SRCROOT)/../../submodules/cocos2d-x/cocos/audio/include",
					"$(SRCROOT)/../../submodules/cocos2d-x/cocos/editor-support",
					"$(SRCROOT)/../../submodules/cocos2d-x/extensions",
					"$(SRCROOT)/../../submodules/cocos2d-x/external",
					"$(SRCROOT)/../../submodules/cocos2d-x/external/chipmunk/include/chipmunk",
					"$(SRCROOT)/../../submodules/cocos2d-x/cocos",
					"$(SRCROOT)/../../submodules/cocos2d-x/cocos/2d/platform/ios",
				);
				OTHER_CFLAGS = "-DNS_BLOCK_ASSERTIONS=1";
				PRODUCT_NAME = "$(TARGET_NAME)";
				SDKROOT = macosx;
				VALIDATE_PRODUCT = YES;
			};
			name = Release;
		};
/* End XCBuildConfiguration section */

/* Begin XCConfigurationList section */
		1D6058960D05DD3E006BFB54 /* Build configuration list for PBXNativeTarget "sample iOS" */ = {
			isa = XCConfigurationList;
			buildConfigurations = (
				1D6058940D05DD3E006BFB54 /* Debug */,
				1D6058950D05DD3E006BFB54 /* Release */,
			);
			defaultConfigurationIsVisible = 0;
			defaultConfigurationName = Debug;
		};
		5087E76C17EB910900C73F5D /* Build configuration list for PBXNativeTarget "sample Mac" */ = {
			isa = XCConfigurationList;
			buildConfigurations = (
				5087E76D17EB910900C73F5D /* Debug */,
				5087E76E17EB910900C73F5D /* Release */,
			);
			defaultConfigurationIsVisible = 0;
			defaultConfigurationName = Debug;
		};
		B2EBC1F11909248300387B71 /* Build configuration list for PBXNativeTarget "GrowthPushSampleTests" */ = {
			isa = XCConfigurationList;
			buildConfigurations = (
				B2EBC1E81909248300387B71 /* Debug */,
				B2EBC1E91909248300387B71 /* Release */,
			);
			defaultConfigurationIsVisible = 0;
			defaultConfigurationName = Debug;
		};
		C01FCF4E08A954540054247B /* Build configuration list for PBXProject "sample" */ = {
			isa = XCConfigurationList;
			buildConfigurations = (
				C01FCF4F08A954540054247B /* Debug */,
				C01FCF5008A954540054247B /* Release */,
			);
			defaultConfigurationIsVisible = 0;
			defaultConfigurationName = Debug;
		};
/* End XCConfigurationList section */
	};
	rootObject = 29B97313FDCFA39411CA2CEA /* Project object */;
}
